
Microsoft Visual Studio Solution File, Format Version 12.00
# Visual Studio 15
VisualStudioVersion = 15.0.26730.3
MinimumVisualStudioVersion = 10.0.40219.1
Project("{2150E333-8FDC-42A3-9474-1A3956D46DE8}") = "src", "src", "{1EA0AE4C-E7C0-448F-93B1-74FD72ED4382}"
EndProject
Project("{2150E333-8FDC-42A3-9474-1A3956D46DE8}") = "Solution Items", "Solution Items", "{6E1F9D30-0181-461B-8877-4367DB9C3E87}"
EndProject
Project("{9A19103F-16F7-4668-BE54-9A1E7A4F7556}") = "BecketLee", "src\BecketLee\BecketLee.csproj", "{7C56D1E9-10B3-4396-9932-445FB530BD01}"
EndProject
Project("{FAE04EC0-301F-11D3-BF4B-00C04F79EFBC}") = "BecketLeeTests", "BecketLeeTests\BecketLeeTests.csproj", "{D87C7225-3409-43B0-945A-1D7BCC4344FD}"
EndProject
Global
	GlobalSection(SolutionConfigurationPlatforms) = preSolution
		Debug|Any CPU = Debug|Any CPU
		Release|Any CPU = Release|Any CPU
	EndGlobalSection
	GlobalSection(ProjectConfigurationPlatforms) = postSolution
		{7C56D1E9-10B3-4396-9932-445FB530BD01}.Debug|Any CPU.ActiveCfg = Debug|Any CPU
		{7C56D1E9-10B3-4396-9932-445FB530BD01}.Debug|Any CPU.Build.0 = Debug|Any CPU
		{7C56D1E9-10B3-4396-9932-445FB530BD01}.Release|Any CPU.ActiveCfg = Release|Any CPU
		{7C56D1E9-10B3-4396-9932-445FB530BD01}.Release|Any CPU.Build.0 = Release|Any CPU
		{D87C7225-3409-43B0-945A-1D7BCC4344FD}.Debug|Any CPU.ActiveCfg = Debug|Any CPU
		{D87C7225-3409-43B0-945A-1D7BCC4344FD}.Debug|Any CPU.Build.0 = Debug|Any CPU
		{D87C7225-3409-43B0-945A-1D7BCC4344FD}.Release|Any CPU.ActiveCfg = Release|Any CPU
		{D87C7225-3409-43B0-945A-1D7BCC4344FD}.Release|Any CPU.Build.0 = Release|Any CPU
	EndGlobalSection
	GlobalSection(SolutionProperties) = preSolution
		HideSolutionNode = FALSE
	EndGlobalSection
	GlobalSection(NestedProjects) = preSolution
		{7C56D1E9-10B3-4396-9932-445FB530BD01} = {1EA0AE4C-E7C0-448F-93B1-74FD72ED4382}
	EndGlobalSection
	GlobalSection(ExtensibilityGlobals) = postSolution
		SolutionGuid = {8CE76585-00F5-48E7-9EFC-65BD6FBE3BDA}
	EndGlobalSection
EndGlobal
